Microsoft Visual Studio Solution File, Format Version 12.00
# Visual Studio Version 17
VisualStudioVersion = 17.5.2.0
MinimumVisualStudioVersion = 10.0.40219.1
Project("{FAE04EC0-301F-11D3-BF4B-00C04F79EFBC}") = "SwagLabsTests", "SwagLabsTests.csproj", "{5F962484-4453-FF2B-1BA2-433C0B814E0E}"
EndProject
Global
	GlobalSection(SolutionConfigurationPlatforms) = preSolution
		Debug|Any CPU = Debug|Any CPU
		Release|Any CPU = Release|Any CPU
	EndGlobalSection
	GlobalSection(ProjectConfigurationPlatforms) = postSolution
		{5F962484-4453-FF2B-1BA2-433C0B814E0E}.Debug|Any CPU.ActiveCfg = Debug|Any CPU
		{5F962484-4453-FF2B-1BA2-433C0B814E0E}.Debug|Any CPU.Build.0 = Debug|Any CPU
		{5F962484-4453-FF2B-1BA2-433C0B814E0E}.Release|Any CPU.ActiveCfg = Release|Any CPU
		{5F962484-4453-FF2B-1BA2-433C0B814E0E}.Release|Any CPU.Build.0 = Release|Any CPU
	EndGlobalSection
	GlobalSection(SolutionProperties) = preSolution
		HideSolutionNode = FALSE
	EndGlobalSection
	GlobalSection(ExtensibilityGlobals) = postSolution
		SolutionGuid = {B74C8039-BF60-4D42-BC85-9727368FBDF1}
	EndGlobalSection
EndGlobal
